// !$*UTF8*$!
{
	archiveVersion = 1;
	classes = {
	};
	objectVersion = 46;
	objects = {

/* Begin PBXBuildFile section */
		02BD8A73198E169C00BB1762 /* Foundation.framework in Frameworks */ = {isa = PBXBuildFile; fileRef = 02BD8A72198E169C00BB1762 /* Foundation.framework */; };
		02BD8A75198E169C00BB1762 /* CoreGraphics.framework in Frameworks */ = {isa = PBXBuildFile; fileRef = 02BD8A74198E169C00BB1762 /* CoreGraphics.framework */; };
		02BD8A77198E169C00BB1762 /* UIKit.framework in Frameworks */ = {isa = PBXBuildFile; fileRef = 02BD8A76198E169C00BB1762 /* UIKit.framework */; };
		02BD8A7D198E169C00BB1762 /* InfoPlist.strings in Resources */ = {isa = PBXBuildFile; fileRef = 02BD8A7B198E169C00BB1762 /* InfoPlist.strings */; };
		02BD8A7F198E169C00BB1762 /* main.m in Sources */ = {isa = PBXBuildFile; fileRef = 02BD8A7E198E169C00BB1762 /* main.m */; };
		02BD8A83198E169C00BB1762 /* ICYAppDelegate.m in Sources */ = {isa = PBXBuildFile; fileRef = 02BD8A82198E169C00BB1762 /* ICYAppDelegate.m */; };
		02BD8A85198E169C00BB1762 /* Images.xcassets in Resources */ = {isa = PBXBuildFile; fileRef = 02BD8A84198E169C00BB1762 /* Images.xcassets */; };
		02BD8A8C198E169D00BB1762 /* XCTest.framework in Frameworks */ = {isa = PBXBuildFile; fileRef = 02BD8A8B198E169D00BB1762 /* XCTest.framework */; };
		02BD8A8D198E169D00BB1762 /* Foundation.framework in Frameworks */ = {isa = PBXBuildFile; fileRef = 02BD8A72198E169C00BB1762 /* Foundation.framework */; };
		02BD8A8E198E169D00BB1762 /* UIKit.framework in Frameworks */ = {isa = PBXBuildFile; fileRef = 02BD8A76198E169C00BB1762 /* UIKit.framework */; };
		02BD8A96198E169D00BB1762 /* InfoPlist.strings in Resources */ = {isa = PBXBuildFile; fileRef = 02BD8A94198E169D00BB1762 /* InfoPlist.strings */; };
		02BD8A98198E169D00BB1762 /* InCaseYouMissedItTests.m in Sources */ = {isa = PBXBuildFile; fileRef = 02BD8A97198E169D00BB1762 /* InCaseYouMissedItTests.m */; };
/* End PBXBuildFile section */

/* Begin PBXContainerItemProxy section */
		02BD8A8F198E169D00BB1762 /* PBXContainerItemProxy */ = {
			isa = PBXContainerItemProxy;
			containerPortal = 02BD8A67198E169C00BB1762 /* Project object */;
			proxyType = 1;
			remoteGlobalIDString = 02BD8A6E198E169C00BB1762;
			remoteInfo = InCaseYouMissedIt;
		};
/* End PBXContainerItemProxy section */

/* Begin PBXFileReference section */
		02BD8A6F198E169C00BB1762 /* InCaseYouMissedIt.app */ = {isa = PBXFileReference; explicitFileType = wrapper.application; includeInIndex = 0; path = InCaseYouMissedIt.app; sourceTree = BUILT_PRODUCTS_DIR; };
		02BD8A72198E169C00BB1762 /* Foundation.framework */ = {isa = PBXFileReference; lastKnownFileType = wrapper.framework; name = Foundation.framework; path = System/Library/Frameworks/Foundation.framework; sourceTree = SDKROOT; };
		02BD8A74198E169C00BB1762 /* CoreGraphics.framework */ = {isa = PBXFileReference; lastKnownFileType = wrapper.framework; name = CoreGraphics.framework; path = System/Library/Frameworks/CoreGraphics.framework; sourceTree = SDKROOT; };
		02BD8A76198E169C00BB1762 /* UIKit.framework */ = {isa = PBXFileReference; lastKnownFileType = wrapper.framework; name = UIKit.framework; path = System/Library/Frameworks/UIKit.framework; sourceTree = SDKROOT; };
		02BD8A7A198E169C00BB1762 /* InCaseYouMissedIt-Info.plist */ = {isa = PBXFileReference; lastKnownFileType = text.plist.xml; path = "InCaseYouMissedIt-Info.plist"; sourceTree = "<group>"; };
		02BD8A7C198E169C00BB1762 /* en */ = {isa = PBXFileReference; lastKnownFileType = text.plist.strings; name = en; path = en.lproj/InfoPlist.strings; sourceTree = "<group>"; };
		02BD8A7E198E169C00BB1762 /* main.m */ = {isa = PBXFileReference; lastKnownFileType = sourcecode.c.objc; path = main.m; sourceTree = "<group>"; };
		02BD8A80198E169C00BB1762 /* InCaseYouMissedIt-Prefix.pch */ = {isa = PBXFileReference; lastKnownFileType = sourcecode.c.h; path = "InCaseYouMissedIt-Prefix.pch"; sourceTree = "<group>"; };
		02BD8A81198E169C00BB1762 /* ICYAppDelegate.h */ = {isa = PBXFileReference; lastKnownFileType = sourcecode.c.h; path = ICYAppDelegate.h; sourceTree = "<group>"; };
		02BD8A82198E169C00BB1762 /* ICYAppDelegate.m */ = {isa = PBXFileReference; lastKnownFileType = sourcecode.c.objc; path = ICYAppDelegate.m; sourceTree = "<group>"; };
		02BD8A84198E169C00BB1762 /* Images.xcassets */ = {isa = PBXFileReference; lastKnownFileType = folder.assetcatalog; path = Images.xcassets; sourceTree = "<group>"; };
		02BD8A8A198E169D00BB1762 /* InCaseYouMissedItTests.xctest */ = {isa = PBXFileReference; explicitFileType = wrapper.cfbundle; includeInIndex = 0; path = InCaseYouMissedItTests.xctest; sourceTree = BUILT_PRODUCTS_DIR; };
		02BD8A8B198E169D00BB1762 /* XCTest.framework */ = {isa = PBXFileReference; lastKnownFileType = wrapper.framework; name = XCTest.framework; path = Library/Frameworks/XCTest.framework; sourceTree = DEVELOPER_DIR; };
		02BD8A93198E169D00BB1762 /* InCaseYouMissedItTests-Info.plist */ = {isa = PBXFileReference; lastKnownFileType = text.plist.xml; path = "InCaseYouMissedItTests-Info.plist"; sourceTree = "<group>"; };
		02BD8A95198E169D00BB1762 /* en */ = {isa = PBXFileReference; lastKnownFileType = text.plist.strings; name = en; path = en.lproj/InfoPlist.strings; sourceTree = "<group>"; };
		02BD8A97198E169D00BB1762 /* InCaseYouMissedItTests.m */ = {isa = PBXFileReference; lastKnownFileType = sourcecode.c.objc; path = InCaseYouMissedItTests.m; sourceTree = "<group>"; };
/* End PBXFileReference section */

/* Begin PBXFrameworksBuildPhase section */
		02BD8A6C198E169C00BB1762 /* Frameworks */ = {
			isa = PBXFrameworksBuildPhase;
			buildActionMask = 2147483647;
			files = (
				02BD8A75198E169C00BB1762 /* CoreGraphics.framework in Frameworks */,
				02BD8A77198E169C00BB1762 /* UIKit.framework in Frameworks */,
				02BD8A73198E169C00BB1762 /* Foundation.framework in Frameworks */,
			);
			runOnlyForDeploymentPostprocessing = 0;
		};
		02BD8A87198E169D00BB1762 /* Frameworks */ = {
			isa = PBXFrameworksBuildPhase;
			buildActionMask = 2147483647;
			files = (
				02BD8A8C198E169D00BB1762 /* XCTest.framework in Frameworks */,
				02BD8A8E198E169D00BB1762 /* UIKit.framework in Frameworks */,
				02BD8A8D198E169D00BB1762 /* Foundation.framework in Frameworks */,
			);
			runOnlyForDeploymentPostprocessing = 0;
		};
/* End PBXFrameworksBuildPhase section */

/* Begin PBXGroup section */
		02BD8A66198E169C00BB1762 = {
			isa = PBXGroup;
			children = (
				02BD8A78198E169C00BB1762 /* InCaseYouMissedIt */,
				02BD8A91198E169D00BB1762 /* InCaseYouMissedItTests */,
				02BD8A71198E169C00BB1762 /* Frameworks */,
				02BD8A70198E169C00BB1762 /* Products */,
			);
			sourceTree = "<group>";
		};
		02BD8A70198E169C00BB1762 /* Products */ = {
			isa = PBXGroup;
			children = (
				02BD8A6F198E169C00BB1762 /* InCaseYouMissedIt.app */,
				02BD8A8A198E169D00BB1762 /* InCaseYouMissedItTests.xctest */,
			);
			name = Products;
			sourceTree = "<group>";
		};
		02BD8A71198E169C00BB1762 /* Frameworks */ = {
			isa = PBXGroup;
			children = (
				02BD8A72198E169C00BB1762 /* Foundation.framework */,
				02BD8A74198E169C00BB1762 /* CoreGraphics.framework */,
				02BD8A76198E169C00BB1762 /* UIKit.framework */,
				02BD8A8B198E169D00BB1762 /* XCTest.framework */,
			);
			name = Frameworks;
			sourceTree = "<group>";
		};
		02BD8A78198E169C00BB1762 /* InCaseYouMissedIt */ = {
			isa = PBXGroup;
			children = (
				02BD8A81198E169C00BB1762 /* ICYAppDelegate.h */,
				02BD8A82198E169C00BB1762 /* ICYAppDelegate.m */,
				02BD8A84198E169C00BB1762 /* Images.xcassets */,
				02BD8A79198E169C00BB1762 /* Supporting Files */,
			);
			path = InCaseYouMissedIt;
			sourceTree = "<group>";
		};
		02BD8A79198E169C00BB1762 /* Supporting Files */ = {
			isa = PBXGroup;
			children = (
				02BD8A7A198E169C00BB1762 /* InCaseYouMissedIt-Info.plist */,
				02BD8A7B198E169C00BB1762 /* InfoPlist.strings */,
				02BD8A7E198E169C00BB1762 /* main.m */,
				02BD8A80198E169C00BB1762 /* InCaseYouMissedIt-Prefix.pch */,
			);
			name = "Supporting Files";
			sourceTree = "<group>";
		};
		02BD8A91198E169D00BB1762 /* InCaseYouMissedItTests */ = {
			isa = PBXGroup;
			children = (
				02BD8A97198E169D00BB1762 /* InCaseYouMissedItTests.m */,
				02BD8A92198E169D00BB1762 /* Supporting Files */,
			);
			path = InCaseYouMissedItTests;
			sourceTree = "<group>";
		};
		02BD8A92198E169D00BB1762 /* Supporting Files */ = {
			isa = PBXGroup;
			children = (
				02BD8A93198E169D00BB1762 /* InCaseYouMissedItTests-Info.plist */,
				02BD8A94198E169D00BB1762 /* InfoPlist.strings */,
			);
			name = "Supporting Files";
			sourceTree = "<group>";
		};
/* End PBXGroup section */

/* Begin PBXNativeTarget section */
		02BD8A6E198E169C00BB1762 /* InCaseYouMissedIt */ = {
			isa = PBXNativeTarget;
			buildConfigurationList = 02BD8A9B198E169D00BB1762 /* Build configuration list for PBXNativeTarget "InCaseYouMissedIt" */;
			buildPhases = (
				02BD8A6B198E169C00BB1762 /* Sources */,
				02BD8A6C198E169C00BB1762 /* Frameworks */,
				02BD8A6D198E169C00BB1762 /* Resources */,
			);
			buildRules = (
			);
			dependencies = (
			);
			name = InCaseYouMissedIt;
			productName = InCaseYouMissedIt;
			productReference = 02BD8A6F198E169C00BB1762 /* InCaseYouMissedIt.app */;
			productType = "com.apple.product-type.application";
		};
		02BD8A89198E169D00BB1762 /* InCaseYouMissedItTests */ = {
			isa = PBXNativeTarget;
			buildConfigurationList = 02BD8A9E198E169D00BB1762 /* Build configuration list for PBXNativeTarget "InCaseYouMissedItTests" */;
			buildPhases = (
				02BD8A86198E169D00BB1762 /* Sources */,
				02BD8A87198E169D00BB1762 /* Frameworks */,
				02BD8A88198E169D00BB1762 /* Resources */,
			);
			buildRules = (
			);
			dependencies = (
				02BD8A90198E169D00BB1762 /* PBXTargetDependency */,
			);
			name = InCaseYouMissedItTests;
			productName = InCaseYouMissedItTests;
			productReference = 02BD8A8A198E169D00BB1762 /* InCaseYouMissedItTests.xctest */;
			productType = "com.apple.product-type.bundle.unit-test";
		};
/* End PBXNativeTarget section */

/* Begin PBXProject section */
		02BD8A67198E169C00BB1762 /* Project object */ = {
			isa = PBXProject;
			attributes = {
				CLASSPREFIX = ICY;
				LastUpgradeCheck = 0510;
				ORGANIZATIONNAME = "Arun Seehra";
				TargetAttributes = {
					02BD8A89198E169D00BB1762 = {
						TestTargetID = 02BD8A6E198E169C00BB1762;
					};
				};
			};
			buildConfigurationList = 02BD8A6A198E169C00BB1762 /* Build configuration list for PBXProject "InCaseYouMissedIt" */;
			compatibilityVersion = "Xcode 3.2";
			developmentRegion = English;
			hasScannedForEncodings = 0;
			knownRegions = (
				en,
			);
			mainGroup = 02BD8A66198E169C00BB1762;
			productRefGroup = 02BD8A70198E169C00BB1762 /* Products */;
			projectDirPath = "";
			projectRoot = "";
			targets = (
				02BD8A6E198E169C00BB1762 /* InCaseYouMissedIt */,
				02BD8A89198E169D00BB1762 /* InCaseYouMissedItTests */,
			);
		};
/* End PBXProject section */

/* Begin PBXResourcesBuildPhase section */
		02BD8A6D198E169C00BB1762 /* Resources */ = {
			isa = PBXResourcesBuildPhase;
			buildActionMask = 2147483647;
			files = (
				02BD8A7D198E169C00BB1762 /* InfoPlist.strings in Resources */,
				02BD8A85198E169C00BB1762 /* Images.xcassets in Resources */,
			);
			runOnlyForDeploymentPostprocessing = 0;
		};
		02BD8A88198E169D00BB1762 /* Resources */ = {
			isa = PBXResourcesBuildPhase;
			buildActionMask = 2147483647;
			files = (
				02BD8A96198E169D00BB1762 /* InfoPlist.strings in Resources */,
			);
			runOnlyForDeploymentPostprocessing = 0;
		};
/* End PBXResourcesBuildPhase section */

/* Begin PBXSourcesBuildPhase section */
		02BD8A6B198E169C00BB1762 /* Sources */ = {
			isa = PBXSourcesBuildPhase;
			buildActionMask = 2147483647;
			files = (
				02BD8A83198E169C00BB1762 /* ICYAppDelegate.m in Sources */,
				02BD8A7F198E169C00BB1762 /* main.m in Sources */,
			);
			runOnlyForDeploymentPostprocessing = 0;
		};
		02BD8A86198E169D00BB1762 /* Sources */ = {
			isa = PBXSourcesBuildPhase;
			buildActionMask = 2147483647;
			files = (
				02BD8A98198E169D00BB1762 /* InCaseYouMissedItTests.m in Sources */,
			);
			runOnlyForDeploymentPostprocessing = 0;
		};
/* End PBXSourcesBuildPhase section */

/* Begin PBXTargetDependency section */
		02BD8A90198E169D00BB1762 /* PBXTargetDependency */ = {
			isa = PBXTargetDependency;
			target = 02BD8A6E198E169C00BB1762 /* InCaseYouMissedIt */;
			targetProxy = 02BD8A8F198E169D00BB1762 /* PBXContainerItemProxy */;
		};
/* End PBXTargetDependency section */

/* Begin PBXVariantGroup section */
		02BD8A7B198E169C00BB1762 /* InfoPlist.strings */ = {
			isa = PBXVariantGroup;
			children = (
				02BD8A7C198E169C00BB1762 /* en */,
			);
			name = InfoPlist.strings;
			sourceTree = "<group>";
		};
		02BD8A94198E169D00BB1762 /* InfoPlist.strings */ = {
			isa = PBXVariantGroup;
			children = (
				02BD8A95198E169D00BB1762 /* en */,
			);
			name = InfoPlist.strings;
			sourceTree = "<group>";
		};
/* End PBXVariantGroup section */

/* Begin XCBuildConfiguration section */
		02BD8A99198E169D00BB1762 /* Debug */ = {
			isa = XCBuildConfiguration;
			buildSettings = {
				ALWAYS_SEARCH_USER_PATHS = NO;
				CLANG_CXX_LANGUAGE_STANDARD = "gnu++0x";
				CLANG_CXX_LIBRARY = "libc++";
				CLANG_ENABLE_MODULES = YES;
				CLANG_ENABLE_OBJC_ARC = YES;
				CLANG_WARN_BOOL_CONVERSION = YES;
				CLANG_WARN_CONSTANT_CONVERSION = YES;
				CLANG_WARN_DIRECT_OBJC_ISA_USAGE = YES_ERROR;
				CLANG_WARN_EMPTY_BODY = YES;
				CLANG_WARN_ENUM_CONVERSION = YES;
				CLANG_WARN_INT_CONVERSION = YES;
				CLANG_WARN_OBJC_ROOT_CLASS = YES_ERROR;
				CLANG_WARN__DUPLICATE_METHOD_MATCH = YES;
				"CODE_SIGN_IDENTITY[sdk=iphoneos*]" = "iPhone Developer";
				COPY_PHASE_STRIP = NO;
				GCC_C_LANGUAGE_STANDARD = gnu99;
				GCC_DYNAMIC_NO_PIC = NO;
				GCC_OPTIMIZATION_LEVEL = 0;
				GCC_PREPROCESSOR_DEFINITIONS = (
					"DEBUG=1",
					"$(inherited)",
				);
				GCC_SYMBOLS_PRIVATE_EXTERN = NO;
				GCC_WARN_64_TO_32_BIT_CONVERSION = YES;
				GCC_WARN_ABOUT_RETURN_TYPE = YES_ERROR;
				GCC_WARN_UNDECLARED_SELECTOR = YES;
				GCC_WARN_UNINITIALIZED_AUTOS = YES_AGGRESSIVE;
				GCC_WARN_UNUSED_FUNCTION = YES;
				GCC_WARN_UNUSED_VARIABLE = YES;
				IPHONEOS_DEPLOYMENT_TARGET = 7.1;
				ONLY_ACTIVE_ARCH = YES;
				SDKROOT = iphoneos;
			};
			name = Debug;
		};
		02BD8A9A198E169D00BB1762 /* Release */ = {
			isa = XCBuildConfiguration;
			buildSettings = {
				ALWAYS_SEARCH_USER_PATHS = NO;
				CLANG_CXX_LANGUAGE_STANDARD = "gnu++0x";
				CLANG_CXX_LIBRARY = "libc++";
				CLANG_ENABLE_MODULES = YES;
				CLANG_ENABLE_OBJC_ARC = YES;
				CLANG_WARN_BOOL_CONVERSION = YES;
				CLANG_WARN_CONSTANT_CONVERSION = YES;
				CLANG_WARN_DIRECT_OBJC_ISA_USAGE = YES_ERROR;
				CLANG_WARN_EMPTY_BODY = YES;
				CLANG_WARN_ENUM_CONVERSION = YES;
				CLANG_WARN_INT_CONVERSION = YES;
				CLANG_WARN_OBJC_ROOT_CLASS = YES_ERROR;
				CLANG_WARN__DUPLICATE_METHOD_MATCH = YES;
				"CODE_SIGN_IDENTITY[sdk=iphoneos*]" = "iPhone Developer";
				COPY_PHASE_STRIP = YES;
				ENABLE_NS_ASSERTIONS = NO;
				GCC_C_LANGUAGE_STANDARD = gnu99;
				GCC_WARN_64_TO_32_BIT_CONVERSION = YES;
				GCC_WARN_ABOUT_RETURN_TYPE = YES_ERROR;
				GCC_WARN_UNDECLARED_SELECTOR = YES;
				GCC_WARN_UNINITIALIZED_AUTOS = YES_AGGRESSIVE;
				GCC_WARN_UNUSED_FUNCTION = YES;
				GCC_WARN_UNUSED_VARIABLE = YES;
				IPHONEOS_DEPLOYMENT_TARGET = 7.1;
				SDKROOT = iphoneos;
				VALIDATE_PRODUCT = YES;
			};
			name = Release;
		};
		02BD8A9C198E169D00BB1762 /* Debug */ = {
			isa = XCBuildConfiguration;
			buildSettings = {
				ASSETCATALOG_COMPILER_APPICON_NAME = AppIcon;
				ASSETCATALOG_COMPILER_LAUNCHIMAGE_NAME = LaunchImage;
				GCC_PRECOMPILE_PREFIX_HEADER = YES;
				GCC_PREFIX_HEADER = "InCaseYouMissedIt/InCaseYouMissedIt-Prefix.pch";
				INFOPLIST_FILE = "InCaseYouMissedIt/InCaseYouMissedIt-Info.plist";
				PRODUCT_NAME = "$(TARGET_NAME)";
				WRAPPER_EXTENSION = app;
			};
			name = Debug;
		};
		02BD8A9D198E169D00BB1762 /* Release */ = {
			isa = XCBuildConfiguration;
			buildSettings = {
				ASSETCATALOG_COMPILER_APPICON_NAME = AppIcon;
				ASSETCATALOG_COMPILER_LAUNCHIMAGE_NAME = LaunchImage;
				GCC_PRECOMPILE_PREFIX_HEADER = YES;
				GCC_PREFIX_HEADER = "InCaseYouMissedIt/InCaseYouMissedIt-Prefix.pch";
				INFOPLIST_FILE = "InCaseYouMissedIt/InCaseYouMissedIt-Info.plist";
				PRODUCT_NAME = "$(TARGET_NAME)";
				WRAPPER_EXTENSION = app;
			};
			name = Release;
		};
		02BD8A9F198E169D00BB1762 /* Debug */ = {
			isa = XCBuildConfiguration;
			buildSettings = {
				BUNDLE_LOADER = "$(BUILT_PRODUCTS_DIR)/InCaseYouMissedIt.app/InCaseYouMissedIt";
				FRAMEWORK_SEARCH_PATHS = (
					"$(SDKROOT)/Developer/Library/Frameworks",
					"$(inherited)",
					"$(DEVELOPER_FRAMEWORKS_DIR)",
				);
				GCC_PRECOMPILE_PREFIX_HEADER = YES;
				GCC_PREFIX_HEADER = "InCaseYouMissedIt/InCaseYouMissedIt-Prefix.pch";
				GCC_PREPROCESSOR_DEFINITIONS = (
					"DEBUG=1",
					"$(inherited)",
				);
				INFOPLIST_FILE = "InCaseYouMissedItTests/InCaseYouMissedItTests-Info.plist";
				PRODUCT_NAME = "$(TARGET_NAME)";
				TEST_HOST = "$(BUNDLE_LOADER)";
				WRAPPER_EXTENSION = xctest;
			};
			name = Debug;
		};
		02BD8AA0198E169D00BB1762 /* Release */ = {
			isa = XCBuildConfiguration;
			buildSettings = {
				BUNDLE_LOADER = "$(BUILT_PRODUCTS_DIR)/InCaseYouMissedIt.app/InCaseYouMissedIt";
				FRAMEWORK_SEARCH_PATHS = (
					"$(SDKROOT)/Developer/Library/Frameworks",
					"$(inherited)",
					"$(DEVELOPER_FRAMEWORKS_DIR)",
				);
				GCC_PRECOMPILE_PREFIX_HEADER = YES;
				GCC_PREFIX_HEADER = "InCaseYouMissedIt/InCaseYouMissedIt-Prefix.pch";
				INFOPLIST_FILE = "InCaseYouMissedItTests/InCaseYouMissedItTests-Info.plist";
				PRODUCT_NAME = "$(TARGET_NAME)";
				TEST_HOST = "$(BUNDLE_LOADER)";
				WRAPPER_EXTENSION = xctest;
			};
			name = Release;
		};
/* End XCBuildConfiguration section */

/* Begin XCConfigurationList section */
		02BD8A6A198E169C00BB1762 /* Build configuration list for PBXProject "InCaseYouMissedIt" */ = {
			isa = XCConfigurationList;
			buildConfigurations = (
				02BD8A99198E169D00BB1762 /* Debug */,
				02BD8A9A198E169D00BB1762 /* Release */,
			);
			defaultConfigurationIsVisible = 0;
			defaultConfigurationName = Release;
		};
		02BD8A9B198E169D00BB1762 /* Build configuration list for PBXNativeTarget "InCaseYouMissedIt" */ = {
			isa = XCConfigurationList;
			buildConfigurations = (
				02BD8A9C198E169D00BB1762 /* Debug */,
				02BD8A9D198E169D00BB1762 /* Release */,
			);
			defaultConfigurationIsVisible = 0;
		};
		02BD8A9E198E169D00BB1762 /* Build configuration list for PBXNativeTarget "InCaseYouMissedItTests" */ = {
			isa = XCConfigurationList;
			buildConfigurations = (
				02BD8A9F198E169D00BB1762 /* Debug */,
				02BD8AA0198E169D00BB1762 /* Release */,
			);
			defaultConfigurationIsVisible = 0;
		};
/* End XCConfigurationList section */
	};
	rootObject = 02BD8A67198E169C00BB1762 /* Project object */;
}
